
Microsoft Visual Studio Solution File, Format Version 12.00
# Visual Studio Version 16
VisualStudioVersion = 16.0.33328.57
MinimumVisualStudioVersion = 10.0.40219.1
Project("{FAE04EC0-301F-11D3-BF4B-00C04F79EFBC}") = "Adm", "Adm.csproj", "{42D295BC-AB48-40C4-96FF-C3FBDA846E66}"
EndProject
Global
	GlobalSection(SolutionConfigurationPlatforms) = preSolution
		Debug|Any CPU = Debug|Any CPU
		Release|Any CPU = Release|Any CPU
	EndGlobalSection
	GlobalSection(ProjectConfigurationPlatforms) = postSolution
		{42D295BC-AB48-40C4-96FF-C3FBDA846E66}.Debug|Any CPU.ActiveCfg = Debug|Any CPU
		{42D295BC-AB48-40C4-96FF-C3FBDA846E66}.Debug|Any CPU.Build.0 = Debug|Any CPU
		{42D295BC-AB48-40C4-96FF-C3FBDA846E66}.Release|Any CPU.ActiveCfg = Release|Any CPU
		{42D295BC-AB48-40C4-96FF-C3FBDA846E66}.Release|Any CPU.Build.0 = Release|Any CPU
	EndGlobalSection
	GlobalSection(SolutionProperties) = preSolution
		HideSolutionNode = FALSE
	EndGlobalSection
	GlobalSection(ExtensibilityGlobals) = postSolution
		SolutionGuid = {1D537EC2-706F-43F9-A02D-CADC3595C7CD}
	EndGlobalSection
EndGlobal
